
Microsoft Visual Studio Solution File, Format Version 12.00
# Visual Studio 15
VisualStudioVersion = 15.0.26403.3
MinimumVisualStudioVersion = 10.0.40219.1
Project("{FAE04EC0-301F-11D3-BF4B-00C04F79EFBC}") = "3.Periodic Table", "3.Periodic Table\3.Periodic Table.csproj", "{2D12DB9B-238F-4985-B290-C12FB9806940}"
EndProject
Global
	GlobalSection(SolutionConfigurationPlatforms) = preSolution
		Debug|Any CPU = Debug|Any CPU
		Release|Any CPU = Release|Any CPU
	EndGlobalSection
	GlobalSection(ProjectConfigurationPlatforms) = postSolution
		{2D12DB9B-238F-4985-B290-C12FB9806940}.Debug|Any CPU.ActiveCfg = Debug|Any CPU
		{2D12DB9B-238F-4985-B290-C12FB9806940}.Debug|Any CPU.Build.0 = Debug|Any CPU
		{2D12DB9B-238F-4985-B290-C12FB9806940}.Release|Any CPU.ActiveCfg = Release|Any CPU
		{2D12DB9B-238F-4985-B290-C12FB9806940}.Release|Any CPU.Build.0 = Release|Any CPU
	EndGlobalSection
	GlobalSection(SolutionProperties) = preSolution
		HideSolutionNode = FALSE
	EndGlobalSection
EndGlobal
