
Microsoft Visual Studio Solution File, Format Version 12.00
# Visual Studio 14
VisualStudioVersion = 14.0.25420.1
MinimumVisualStudioVersion = 10.0.40219.1
Project("{FAE04EC0-301F-11D3-BF4B-00C04F79EFBC}") = "Data Types and Variables14", "Data Types and Variables14\Data Types and Variables14.csproj", "{272B7392-713D-4492-8982-51FEFEBD8514}"
EndProject
Global
	GlobalSection(SolutionConfigurationPlatforms) = preSolution
		Debug|Any CPU = Debug|Any CPU
		Release|Any CPU = Release|Any CPU
	EndGlobalSection
	GlobalSection(ProjectConfigurationPlatforms) = postSolution
		{272B7392-713D-4492-8982-51FEFEBD8514}.Debug|Any CPU.ActiveCfg = Debug|Any CPU
		{272B7392-713D-4492-8982-51FEFEBD8514}.Debug|Any CPU.Build.0 = Debug|Any CPU
		{272B7392-713D-4492-8982-51FEFEBD8514}.Release|Any CPU.ActiveCfg = Release|Any CPU
		{272B7392-713D-4492-8982-51FEFEBD8514}.Release|Any CPU.Build.0 = Release|Any CPU
	EndGlobalSection
	GlobalSection(SolutionProperties) = preSolution
		HideSolutionNode = FALSE
	EndGlobalSection
EndGlobal
