
Microsoft Visual Studio Solution File, Format Version 12.00
# Visual Studio 15
VisualStudioVersion = 15.0.26403.3
MinimumVisualStudioVersion = 10.0.40219.1
Project("{FAE04EC0-301F-11D3-BF4B-00C04F79EFBC}") = "8.Map Districts", "8.Map Districts\8.Map Districts.csproj", "{4EB9530F-2FBF-4E9A-B5E9-4824AA284EA1}"
EndProject
Global
	GlobalSection(SolutionConfigurationPlatforms) = preSolution
		Debug|Any CPU = Debug|Any CPU
		Release|Any CPU = Release|Any CPU
	EndGlobalSection
	GlobalSection(ProjectConfigurationPlatforms) = postSolution
		{4EB9530F-2FBF-4E9A-B5E9-4824AA284EA1}.Debug|Any CPU.ActiveCfg = Debug|Any CPU
		{4EB9530F-2FBF-4E9A-B5E9-4824AA284EA1}.Debug|Any CPU.Build.0 = Debug|Any CPU
		{4EB9530F-2FBF-4E9A-B5E9-4824AA284EA1}.Release|Any CPU.ActiveCfg = Release|Any CPU
		{4EB9530F-2FBF-4E9A-B5E9-4824AA284EA1}.Release|Any CPU.Build.0 = Release|Any CPU
	EndGlobalSection
	GlobalSection(SolutionProperties) = preSolution
		HideSolutionNode = FALSE
	EndGlobalSection
EndGlobal
