
Microsoft Visual Studio Solution File, Format Version 12.00
# Visual Studio 15
VisualStudioVersion = 15.0.26403.3
MinimumVisualStudioVersion = 10.0.40219.1
Project("{FAE04EC0-301F-11D3-BF4B-00C04F79EFBC}") = "8.Weak Students", "8.Weak Students\8.Weak Students.csproj", "{AFABBE08-A4F0-489E-841D-3E122AAE7BEF}"
EndProject
Global
	GlobalSection(SolutionConfigurationPlatforms) = preSolution
		Debug|Any CPU = Debug|Any CPU
		Release|Any CPU = Release|Any CPU
	EndGlobalSection
	GlobalSection(ProjectConfigurationPlatforms) = postSolution
		{AFABBE08-A4F0-489E-841D-3E122AAE7BEF}.Debug|Any CPU.ActiveCfg = Debug|Any CPU
		{AFABBE08-A4F0-489E-841D-3E122AAE7BEF}.Debug|Any CPU.Build.0 = Debug|Any CPU
		{AFABBE08-A4F0-489E-841D-3E122AAE7BEF}.Release|Any CPU.ActiveCfg = Release|Any CPU
		{AFABBE08-A4F0-489E-841D-3E122AAE7BEF}.Release|Any CPU.Build.0 = Release|Any CPU
	EndGlobalSection
	GlobalSection(SolutionProperties) = preSolution
		HideSolutionNode = FALSE
	EndGlobalSection
EndGlobal
