
Microsoft Visual Studio Solution File, Format Version 12.00
# Visual Studio 15
VisualStudioVersion = 15.0.26403.3
MinimumVisualStudioVersion = 10.0.40219.1
Project("{FAE04EC0-301F-11D3-BF4B-00C04F79EFBC}") = "5.Filter by Emails", "5.Filter by Emails\5.Filter by Emails.csproj", "{E9D85321-96AF-4272-BCD2-D12CCE9B8F41}"
EndProject
Global
	GlobalSection(SolutionConfigurationPlatforms) = preSolution
		Debug|Any CPU = Debug|Any CPU
		Release|Any CPU = Release|Any CPU
	EndGlobalSection
	GlobalSection(ProjectConfigurationPlatforms) = postSolution
		{E9D85321-96AF-4272-BCD2-D12CCE9B8F41}.Debug|Any CPU.ActiveCfg = Debug|Any CPU
		{E9D85321-96AF-4272-BCD2-D12CCE9B8F41}.Debug|Any CPU.Build.0 = Debug|Any CPU
		{E9D85321-96AF-4272-BCD2-D12CCE9B8F41}.Release|Any CPU.ActiveCfg = Release|Any CPU
		{E9D85321-96AF-4272-BCD2-D12CCE9B8F41}.Release|Any CPU.Build.0 = Release|Any CPU
	EndGlobalSection
	GlobalSection(SolutionProperties) = preSolution
		HideSolutionNode = FALSE
	EndGlobalSection
EndGlobal
