
Microsoft Visual Studio Solution File, Format Version 12.00
# Visual Studio 15
VisualStudioVersion = 15.0.27004.2006
MinimumVisualStudioVersion = 10.0.40219.1
Project("{FAE04EC0-301F-11D3-BF4B-00C04F79EFBC}") = "P01_HospitalDatabase", "P01_HospitalDatabase\P01_HospitalDatabase.csproj", "{2AF8AFFB-94E0-4D8E-B417-B554AD0F1716}"
EndProject
Project("{FAE04EC0-301F-11D3-BF4B-00C04F79EFBC}") = "HospitalDatabaseStartUp", "HospitalDatabaseStartUp\HospitalDatabaseStartUp.csproj", "{443A1730-753C-4ED3-9A4E-5C00F5F7F775}"
EndProject
Global
	GlobalSection(SolutionConfigurationPlatforms) = preSolution
		Debug|Any CPU = Debug|Any CPU
		Release|Any CPU = Release|Any CPU
	EndGlobalSection
	GlobalSection(ProjectConfigurationPlatforms) = postSolution
		{2AF8AFFB-94E0-4D8E-B417-B554AD0F1716}.Debug|Any CPU.ActiveCfg = Debug|Any CPU
		{2AF8AFFB-94E0-4D8E-B417-B554AD0F1716}.Debug|Any CPU.Build.0 = Debug|Any CPU
		{2AF8AFFB-94E0-4D8E-B417-B554AD0F1716}.Release|Any CPU.ActiveCfg = Release|Any CPU
		{2AF8AFFB-94E0-4D8E-B417-B554AD0F1716}.Release|Any CPU.Build.0 = Release|Any CPU
		{443A1730-753C-4ED3-9A4E-5C00F5F7F775}.Debug|Any CPU.ActiveCfg = Debug|Any CPU
		{443A1730-753C-4ED3-9A4E-5C00F5F7F775}.Debug|Any CPU.Build.0 = Debug|Any CPU
		{443A1730-753C-4ED3-9A4E-5C00F5F7F775}.Release|Any CPU.ActiveCfg = Release|Any CPU
		{443A1730-753C-4ED3-9A4E-5C00F5F7F775}.Release|Any CPU.Build.0 = Release|Any CPU
	EndGlobalSection
	GlobalSection(SolutionProperties) = preSolution
		HideSolutionNode = FALSE
	EndGlobalSection
	GlobalSection(ExtensibilityGlobals) = postSolution
		SolutionGuid = {128ECAA2-3F4F-42F2-9AA4-2020418355E8}
	EndGlobalSection
EndGlobal
