
Microsoft Visual Studio Solution File, Format Version 12.00
# Visual Studio 15
VisualStudioVersion = 15.0.26403.3
MinimumVisualStudioVersion = 10.0.40219.1
Project("{FAE04EC0-301F-11D3-BF4B-00C04F79EFBC}") = "3.Parse Tags", "3.Parse Tags\3.Parse Tags.csproj", "{31958CD1-1DEF-49AE-B849-9F9211F0B390}"
EndProject
Global
	GlobalSection(SolutionConfigurationPlatforms) = preSolution
		Debug|Any CPU = Debug|Any CPU
		Release|Any CPU = Release|Any CPU
	EndGlobalSection
	GlobalSection(ProjectConfigurationPlatforms) = postSolution
		{31958CD1-1DEF-49AE-B849-9F9211F0B390}.Debug|Any CPU.ActiveCfg = Debug|Any CPU
		{31958CD1-1DEF-49AE-B849-9F9211F0B390}.Debug|Any CPU.Build.0 = Debug|Any CPU
		{31958CD1-1DEF-49AE-B849-9F9211F0B390}.Release|Any CPU.ActiveCfg = Release|Any CPU
		{31958CD1-1DEF-49AE-B849-9F9211F0B390}.Release|Any CPU.Build.0 = Release|Any CPU
	EndGlobalSection
	GlobalSection(SolutionProperties) = preSolution
		HideSolutionNode = FALSE
	EndGlobalSection
EndGlobal
