
Microsoft Visual Studio Solution File, Format Version 12.00
# Visual Studio 15
VisualStudioVersion = 15.0.27004.2010
MinimumVisualStudioVersion = 10.0.40219.1
Project("{FAE04EC0-301F-11D3-BF4B-00C04F79EFBC}") = "ProductsShop", "ProductsShop\ProductsShop.csproj", "{31725C8A-314A-423D-A9C3-A9EC730CC95B}"
EndProject
Project("{FAE04EC0-301F-11D3-BF4B-00C04F79EFBC}") = "ProductsShopStartUp", "ProductsShopStartUp\ProductsShopStartUp.csproj", "{6B00BA9B-AD29-4D96-B763-07F05F332B23}"
EndProject
Global
	GlobalSection(SolutionConfigurationPlatforms) = preSolution
		Debug|Any CPU = Debug|Any CPU
		Release|Any CPU = Release|Any CPU
	EndGlobalSection
	GlobalSection(ProjectConfigurationPlatforms) = postSolution
		{31725C8A-314A-423D-A9C3-A9EC730CC95B}.Debug|Any CPU.ActiveCfg = Debug|Any CPU
		{31725C8A-314A-423D-A9C3-A9EC730CC95B}.Debug|Any CPU.Build.0 = Debug|Any CPU
		{31725C8A-314A-423D-A9C3-A9EC730CC95B}.Release|Any CPU.ActiveCfg = Release|Any CPU
		{31725C8A-314A-423D-A9C3-A9EC730CC95B}.Release|Any CPU.Build.0 = Release|Any CPU
		{6B00BA9B-AD29-4D96-B763-07F05F332B23}.Debug|Any CPU.ActiveCfg = Debug|Any CPU
		{6B00BA9B-AD29-4D96-B763-07F05F332B23}.Debug|Any CPU.Build.0 = Debug|Any CPU
		{6B00BA9B-AD29-4D96-B763-07F05F332B23}.Release|Any CPU.ActiveCfg = Release|Any CPU
		{6B00BA9B-AD29-4D96-B763-07F05F332B23}.Release|Any CPU.Build.0 = Release|Any CPU
	EndGlobalSection
	GlobalSection(SolutionProperties) = preSolution
		HideSolutionNode = FALSE
	EndGlobalSection
	GlobalSection(ExtensibilityGlobals) = postSolution
		SolutionGuid = {6AC080B2-1AB3-4156-85DB-4ACF139A3892}
	EndGlobalSection
EndGlobal
